
Microsoft Visual Studio Solution File, Format Version 12.00
# Visual Studio Version 17
VisualStudioVersion = 17.14.36109.1 d17.14
MinimumVisualStudioVersion = 10.0.40219.1
Project("{FAE04EC0-301F-11D3-BF4B-00C04F79EFBC}") = "IkalaskuriVersio2.0", "IkalaskuriVersio2.0\IkalaskuriVersio2.0.csproj", "{136BC3ED-2900-49E2-AF88-FD77E6529406}"
EndProject
Project("{FAE04EC0-301F-11D3-BF4B-00C04F79EFBC}") = "IkalaskuriVersio2.0.Tests", "IkalaskuriVersio2.0.Tests\IkalaskuriVersio2.0.Tests.csproj", "{65FE19B0-A468-4E65-84A8-1A5DB4259586}"
EndProject
Global
	GlobalSection(SolutionConfigurationPlatforms) = preSolution
		Debug|Any CPU = Debug|Any CPU
		Release|Any CPU = Release|Any CPU
	EndGlobalSection
	GlobalSection(ProjectConfigurationPlatforms) = postSolution
		{136BC3ED-2900-49E2-AF88-FD77E6529406}.Debug|Any CPU.ActiveCfg = Debug|Any CPU
		{136BC3ED-2900-49E2-AF88-FD77E6529406}.Debug|Any CPU.Build.0 = Debug|Any CPU
		{136BC3ED-2900-49E2-AF88-FD77E6529406}.Release|Any CPU.ActiveCfg = Release|Any CPU
		{136BC3ED-2900-49E2-AF88-FD77E6529406}.Release|Any CPU.Build.0 = Release|Any CPU
		{65FE19B0-A468-4E65-84A8-1A5DB4259586}.Debug|Any CPU.ActiveCfg = Debug|Any CPU
		{65FE19B0-A468-4E65-84A8-1A5DB4259586}.Debug|Any CPU.Build.0 = Debug|Any CPU
		{65FE19B0-A468-4E65-84A8-1A5DB4259586}.Release|Any CPU.ActiveCfg = Release|Any CPU
		{65FE19B0-A468-4E65-84A8-1A5DB4259586}.Release|Any CPU.Build.0 = Release|Any CPU
	EndGlobalSection
	GlobalSection(SolutionProperties) = preSolution
		HideSolutionNode = FALSE
	EndGlobalSection
	GlobalSection(ExtensibilityGlobals) = postSolution
		SolutionGuid = {82B336A4-D78F-498E-8343-B61575F69C48}
	EndGlobalSection
EndGlobal
